
Microsoft Visual Studio Solution File, Format Version 12.00
# Visual Studio Version 17
VisualStudioVersion = 17.9.34622.214
MinimumVisualStudioVersion = 10.0.40219.1
Project("{8BC9CEB8-8B4A-11D0-8D11-00A0C91BC942}") = "Server", "Server.vcxproj", "{4CFB7925-384F-45CF-8ADA-88DDA0E6B7B9}"
EndProject
Project("{8BC9CEB8-8B4A-11D0-8D11-00A0C91BC942}") = "InitSocket", "..\InitSocket\InitSocket.vcxproj", "{B9E822A4-91DB-4E3C-808F-E301915F2F67}"
EndProject
Project("{8BC9CEB8-8B4A-11D0-8D11-00A0C91BC942}") = "ByteOrder", "..\ByteOrder\ByteOrder.vcxproj", "{E8E1B00E-14A4-4A05-A57E-624576D76FA1}"
EndProject
Project("{8BC9CEB8-8B4A-11D0-8D11-00A0C91BC942}") = "IPAddr", "..\IPAddr\IPAddr.vcxproj", "{3C166ED1-5134-44F0-8163-D251E0165B96}"
EndProject
Project("{8BC9CEB8-8B4A-11D0-8D11-00A0C91BC942}") = "NameResolution", "..\NameResolution\NameResolution.vcxproj", "{5023505B-241C-435C-AEB5-9E6022CFA68B}"
EndProject
Project("{8BC9CEB8-8B4A-11D0-8D11-00A0C91BC942}") = "TCPClient", "..\TCPClient\TCPClient.vcxproj", "{FE926D09-EED2-41D6-B743-AA45ACBDE18E}"
EndProject
Project("{8BC9CEB8-8B4A-11D0-8D11-00A0C91BC942}") = "TCPServer", "..\TCPServer\TCPServer.vcxproj", "{6089FF61-DBA4-46B2-85CA-598F3F858DD3}"
EndProject
Project("{8BC9CEB8-8B4A-11D0-8D11-00A0C91BC942}") = "TCPServer_Fixed", "..\TCPServer_Fixed\TCPServer_Fixed.vcxproj", "{F2EA417F-9622-40E8-A8C0-D3CCD4AD78BC}"
EndProject
Project("{8BC9CEB8-8B4A-11D0-8D11-00A0C91BC942}") = "TCPClient_Fixed", "..\TCPClient_Fixed\TCPClient_Fixed.vcxproj", "{7F1D05ED-DFB0-49A0-9EE2-087179B5B587}"
EndProject
Project("{8BC9CEB8-8B4A-11D0-8D11-00A0C91BC942}") = "TCPClient_FixedVariable", "..\TCPClient_FixedVariable\TCPClient_FixedVariable.vcxproj", "{DCA05466-878B-4C1A-AAC2-96BCB32E9145}"
EndProject
Project("{8BC9CEB8-8B4A-11D0-8D11-00A0C91BC942}") = "TCPServer_FixedVariable", "..\TCPServer_FixedVariable\TCPServer_FixedVariable.vcxproj", "{FCE17116-F9D1-4797-A0EC-E0E681064622}"
EndProject
Project("{8BC9CEB8-8B4A-11D0-8D11-00A0C91BC942}") = "ThreadTest1", "..\ThreadTest1\ThreadTest1.vcxproj", "{AA00A188-AD55-4CC4-9444-9478D3C338CF}"
EndProject
Project("{8BC9CEB8-8B4A-11D0-8D11-00A0C91BC942}") = "ThreadTCPServer", "..\ThreadTCPServer\ThreadTCPServer.vcxproj", "{D2669DD2-42AD-441C-9725-1FA8298511D5}"
EndProject
Project("{8BC9CEB8-8B4A-11D0-8D11-00A0C91BC942}") = "CriticalSections", "..\CriticalSections\CriticalSections.vcxproj", "{4100243C-3775-42DF-999D-5EEA660DE59B}"
EndProject
Project("{8BC9CEB8-8B4A-11D0-8D11-00A0C91BC942}") = "WinApp", "..\WinApp\WinApp.vcxproj", "{65C15801-4AF9-4052-951C-48648C275009}"
EndProject
Global
	GlobalSection(SolutionConfigurationPlatforms) = preSolution
		Debug|x64 = Debug|x64
		Debug|x86 = Debug|x86
		Release|x64 = Release|x64
		Release|x86 = Release|x86
	EndGlobalSection
	GlobalSection(ProjectConfigurationPlatforms) = postSolution
		{4CFB7925-384F-45CF-8ADA-88DDA0E6B7B9}.Debug|x64.ActiveCfg = Debug|x64
		{4CFB7925-384F-45CF-8ADA-88DDA0E6B7B9}.Debug|x64.Build.0 = Debug|x64
		{4CFB7925-384F-45CF-8ADA-88DDA0E6B7B9}.Debug|x86.ActiveCfg = Debug|Win32
		{4CFB7925-384F-45CF-8ADA-88DDA0E6B7B9}.Debug|x86.Build.0 = Debug|Win32
		{4CFB7925-384F-45CF-8ADA-88DDA0E6B7B9}.Release|x64.ActiveCfg = Release|x64
		{4CFB7925-384F-45CF-8ADA-88DDA0E6B7B9}.Release|x64.Build.0 = Release|x64
		{4CFB7925-384F-45CF-8ADA-88DDA0E6B7B9}.Release|x86.ActiveCfg = Release|Win32
		{4CFB7925-384F-45CF-8ADA-88DDA0E6B7B9}.Release|x86.Build.0 = Release|Win32
		{B9E822A4-91DB-4E3C-808F-E301915F2F67}.Debug|x64.ActiveCfg = Debug|x64
		{B9E822A4-91DB-4E3C-808F-E301915F2F67}.Debug|x64.Build.0 = Debug|x64
		{B9E822A4-91DB-4E3C-808F-E301915F2F67}.Debug|x86.ActiveCfg = Debug|Win32
		{B9E822A4-91DB-4E3C-808F-E301915F2F67}.Debug|x86.Build.0 = Debug|Win32
		{B9E822A4-91DB-4E3C-808F-E301915F2F67}.Release|x64.ActiveCfg = Release|x64
		{B9E822A4-91DB-4E3C-808F-E301915F2F67}.Release|x64.Build.0 = Release|x64
		{B9E822A4-91DB-4E3C-808F-E301915F2F67}.Release|x86.ActiveCfg = Release|Win32
		{B9E822A4-91DB-4E3C-808F-E301915F2F67}.Release|x86.Build.0 = Release|Win32
		{E8E1B00E-14A4-4A05-A57E-624576D76FA1}.Debug|x64.ActiveCfg = Debug|x64
		{E8E1B00E-14A4-4A05-A57E-624576D76FA1}.Debug|x64.Build.0 = Debug|x64
		{E8E1B00E-14A4-4A05-A57E-624576D76FA1}.Debug|x86.ActiveCfg = Debug|Win32
		{E8E1B00E-14A4-4A05-A57E-624576D76FA1}.Debug|x86.Build.0 = Debug|Win32
		{E8E1B00E-14A4-4A05-A57E-624576D76FA1}.Release|x64.ActiveCfg = Release|x64
		{E8E1B00E-14A4-4A05-A57E-624576D76FA1}.Release|x64.Build.0 = Release|x64
		{E8E1B00E-14A4-4A05-A57E-624576D76FA1}.Release|x86.ActiveCfg = Release|Win32
		{E8E1B00E-14A4-4A05-A57E-624576D76FA1}.Release|x86.Build.0 = Release|Win32
		{3C166ED1-5134-44F0-8163-D251E0165B96}.Debug|x64.ActiveCfg = Debug|x64
		{3C166ED1-5134-44F0-8163-D251E0165B96}.Debug|x64.Build.0 = Debug|x64
		{3C166ED1-5134-44F0-8163-D251E0165B96}.Debug|x86.ActiveCfg = Debug|Win32
		{3C166ED1-5134-44F0-8163-D251E0165B96}.Debug|x86.Build.0 = Debug|Win32
		{3C166ED1-5134-44F0-8163-D251E0165B96}.Release|x64.ActiveCfg = Release|x64
		{3C166ED1-5134-44F0-8163-D251E0165B96}.Release|x64.Build.0 = Release|x64
		{3C166ED1-5134-44F0-8163-D251E0165B96}.Release|x86.ActiveCfg = Release|Win32
		{3C166ED1-5134-44F0-8163-D251E0165B96}.Release|x86.Build.0 = Release|Win32
		{5023505B-241C-435C-AEB5-9E6022CFA68B}.Debug|x64.ActiveCfg = Debug|x64
		{5023505B-241C-435C-AEB5-9E6022CFA68B}.Debug|x64.Build.0 = Debug|x64
		{5023505B-241C-435C-AEB5-9E6022CFA68B}.Debug|x86.ActiveCfg = Debug|Win32
		{5023505B-241C-435C-AEB5-9E6022CFA68B}.Debug|x86.Build.0 = Debug|Win32
		{5023505B-241C-435C-AEB5-9E6022CFA68B}.Release|x64.ActiveCfg = Release|x64
		{5023505B-241C-435C-AEB5-9E6022CFA68B}.Release|x64.Build.0 = Release|x64
		{5023505B-241C-435C-AEB5-9E6022CFA68B}.Release|x86.ActiveCfg = Release|Win32
		{5023505B-241C-435C-AEB5-9E6022CFA68B}.Release|x86.Build.0 = Release|Win32
		{FE926D09-EED2-41D6-B743-AA45ACBDE18E}.Debug|x64.ActiveCfg = Debug|x64
		{FE926D09-EED2-41D6-B743-AA45ACBDE18E}.Debug|x64.Build.0 = Debug|x64
		{FE926D09-EED2-41D6-B743-AA45ACBDE18E}.Debug|x86.ActiveCfg = Debug|Win32
		{FE926D09-EED2-41D6-B743-AA45ACBDE18E}.Debug|x86.Build.0 = Debug|Win32
		{FE926D09-EED2-41D6-B743-AA45ACBDE18E}.Release|x64.ActiveCfg = Release|x64
		{FE926D09-EED2-41D6-B743-AA45ACBDE18E}.Release|x64.Build.0 = Release|x64
		{FE926D09-EED2-41D6-B743-AA45ACBDE18E}.Release|x86.ActiveCfg = Release|Win32
		{FE926D09-EED2-41D6-B743-AA45ACBDE18E}.Release|x86.Build.0 = Release|Win32
		{6089FF61-DBA4-46B2-85CA-598F3F858DD3}.Debug|x64.ActiveCfg = Debug|x64
		{6089FF61-DBA4-46B2-85CA-598F3F858DD3}.Debug|x64.Build.0 = Debug|x64
		{6089FF61-DBA4-46B2-85CA-598F3F858DD3}.Debug|x86.ActiveCfg = Debug|Win32
		{6089FF61-DBA4-46B2-85CA-598F3F858DD3}.Debug|x86.Build.0 = Debug|Win32
		{6089FF61-DBA4-46B2-85CA-598F3F858DD3}.Release|x64.ActiveCfg = Release|x64
		{6089FF61-DBA4-46B2-85CA-598F3F858DD3}.Release|x64.Build.0 = Release|x64
		{6089FF61-DBA4-46B2-85CA-598F3F858DD3}.Release|x86.ActiveCfg = Release|Win32
		{6089FF61-DBA4-46B2-85CA-598F3F858DD3}.Release|x86.Build.0 = Release|Win32
		{F2EA417F-9622-40E8-A8C0-D3CCD4AD78BC}.Debug|x64.ActiveCfg = Debug|x64
		{F2EA417F-9622-40E8-A8C0-D3CCD4AD78BC}.Debug|x64.Build.0 = Debug|x64
		{F2EA417F-9622-40E8-A8C0-D3CCD4AD78BC}.Debug|x86.ActiveCfg = Debug|Win32
		{F2EA417F-9622-40E8-A8C0-D3CCD4AD78BC}.Debug|x86.Build.0 = Debug|Win32
		{F2EA417F-9622-40E8-A8C0-D3CCD4AD78BC}.Release|x64.ActiveCfg = Release|x64
		{F2EA417F-9622-40E8-A8C0-D3CCD4AD78BC}.Release|x64.Build.0 = Release|x64
		{F2EA417F-9622-40E8-A8C0-D3CCD4AD78BC}.Release|x86.ActiveCfg = Release|Win32
		{F2EA417F-9622-40E8-A8C0-D3CCD4AD78BC}.Release|x86.Build.0 = Release|Win32
		{7F1D05ED-DFB0-49A0-9EE2-087179B5B587}.Debug|x64.ActiveCfg = Debug|x64
		{7F1D05ED-DFB0-49A0-9EE2-087179B5B587}.Debug|x64.Build.0 = Debug|x64
		{7F1D05ED-DFB0-49A0-9EE2-087179B5B587}.Debug|x86.ActiveCfg = Debug|Win32
		{7F1D05ED-DFB0-49A0-9EE2-087179B5B587}.Debug|x86.Build.0 = Debug|Win32
		{7F1D05ED-DFB0-49A0-9EE2-087179B5B587}.Release|x64.ActiveCfg = Release|x64
		{7F1D05ED-DFB0-49A0-9EE2-087179B5B587}.Release|x64.Build.0 = Release|x64
		{7F1D05ED-DFB0-49A0-9EE2-087179B5B587}.Release|x86.ActiveCfg = Release|Win32
		{7F1D05ED-DFB0-49A0-9EE2-087179B5B587}.Release|x86.Build.0 = Release|Win32
		{DCA05466-878B-4C1A-AAC2-96BCB32E9145}.Debug|x64.ActiveCfg = Debug|x64
		{DCA05466-878B-4C1A-AAC2-96BCB32E9145}.Debug|x64.Build.0 = Debug|x64
		{DCA05466-878B-4C1A-AAC2-96BCB32E9145}.Debug|x86.ActiveCfg = Debug|Win32
		{DCA05466-878B-4C1A-AAC2-96BCB32E9145}.Debug|x86.Build.0 = Debug|Win32
		{DCA05466-878B-4C1A-AAC2-96BCB32E9145}.Release|x64.ActiveCfg = Release|x64
		{DCA05466-878B-4C1A-AAC2-96BCB32E9145}.Release|x64.Build.0 = Release|x64
		{DCA05466-878B-4C1A-AAC2-96BCB32E9145}.Release|x86.ActiveCfg = Release|Win32
		{DCA05466-878B-4C1A-AAC2-96BCB32E9145}.Release|x86.Build.0 = Release|Win32
		{FCE17116-F9D1-4797-A0EC-E0E681064622}.Debug|x64.ActiveCfg = Debug|x64
		{FCE17116-F9D1-4797-A0EC-E0E681064622}.Debug|x64.Build.0 = Debug|x64
		{FCE17116-F9D1-4797-A0EC-E0E681064622}.Debug|x86.ActiveCfg = Debug|Win32
		{FCE17116-F9D1-4797-A0EC-E0E681064622}.Debug|x86.Build.0 = Debug|Win32
		{FCE17116-F9D1-4797-A0EC-E0E681064622}.Release|x64.ActiveCfg = Release|x64
		{FCE17116-F9D1-4797-A0EC-E0E681064622}.Release|x64.Build.0 = Release|x64
		{FCE17116-F9D1-4797-A0EC-E0E681064622}.Release|x86.ActiveCfg = Release|Win32
		{FCE17116-F9D1-4797-A0EC-E0E681064622}.Release|x86.Build.0 = Release|Win32
		{AA00A188-AD55-4CC4-9444-9478D3C338CF}.Debug|x64.ActiveCfg = Debug|x64
		{AA00A188-AD55-4CC4-9444-9478D3C338CF}.Debug|x64.Build.0 = Debug|x64
		{AA00A188-AD55-4CC4-9444-9478D3C338CF}.Debug|x86.ActiveCfg = Debug|Win32
		{AA00A188-AD55-4CC4-9444-9478D3C338CF}.Debug|x86.Build.0 = Debug|Win32
		{AA00A188-AD55-4CC4-9444-9478D3C338CF}.Release|x64.ActiveCfg = Release|x64
		{AA00A188-AD55-4CC4-9444-9478D3C338CF}.Release|x64.Build.0 = Release|x64
		{AA00A188-AD55-4CC4-9444-9478D3C338CF}.Release|x86.ActiveCfg = Release|Win32
		{AA00A188-AD55-4CC4-9444-9478D3C338CF}.Release|x86.Build.0 = Release|Win32
		{D2669DD2-42AD-441C-9725-1FA8298511D5}.Debug|x64.ActiveCfg = Debug|x64
		{D2669DD2-42AD-441C-9725-1FA8298511D5}.Debug|x64.Build.0 = Debug|x64
		{D2669DD2-42AD-441C-9725-1FA8298511D5}.Debug|x86.ActiveCfg = Debug|Win32
		{D2669DD2-42AD-441C-9725-1FA8298511D5}.Debug|x86.Build.0 = Debug|Win32
		{D2669DD2-42AD-441C-9725-1FA8298511D5}.Release|x64.ActiveCfg = Release|x64
		{D2669DD2-42AD-441C-9725-1FA8298511D5}.Release|x64.Build.0 = Release|x64
		{D2669DD2-42AD-441C-9725-1FA8298511D5}.Release|x86.ActiveCfg = Release|Win32
		{D2669DD2-42AD-441C-9725-1FA8298511D5}.Release|x86.Build.0 = Release|Win32
		{4100243C-3775-42DF-999D-5EEA660DE59B}.Debug|x64.ActiveCfg = Debug|x64
		{4100243C-3775-42DF-999D-5EEA660DE59B}.Debug|x64.Build.0 = Debug|x64
		{4100243C-3775-42DF-999D-5EEA660DE59B}.Debug|x86.ActiveCfg = Debug|Win32
		{4100243C-3775-42DF-999D-5EEA660DE59B}.Debug|x86.Build.0 = Debug|Win32
		{4100243C-3775-42DF-999D-5EEA660DE59B}.Release|x64.ActiveCfg = Release|x64
		{4100243C-3775-42DF-999D-5EEA660DE59B}.Release|x64.Build.0 = Release|x64
		{4100243C-3775-42DF-999D-5EEA660DE59B}.Release|x86.ActiveCfg = Release|Win32
		{4100243C-3775-42DF-999D-5EEA660DE59B}.Release|x86.Build.0 = Release|Win32
		{65C15801-4AF9-4052-951C-48648C275009}.Debug|x64.ActiveCfg = Debug|x64
		{65C15801-4AF9-4052-951C-48648C275009}.Debug|x64.Build.0 = Debug|x64
		{65C15801-4AF9-4052-951C-48648C275009}.Debug|x86.ActiveCfg = Debug|Win32
		{65C15801-4AF9-4052-951C-48648C275009}.Debug|x86.Build.0 = Debug|Win32
		{65C15801-4AF9-4052-951C-48648C275009}.Release|x64.ActiveCfg = Release|x64
		{65C15801-4AF9-4052-951C-48648C275009}.Release|x64.Build.0 = Release|x64
		{65C15801-4AF9-4052-951C-48648C275009}.Release|x86.ActiveCfg = Release|Win32
		{65C15801-4AF9-4052-951C-48648C275009}.Release|x86.Build.0 = Release|Win32
	EndGlobalSection
	GlobalSection(SolutionProperties) = preSolution
		HideSolutionNode = FALSE
	EndGlobalSection
	GlobalSection(ExtensibilityGlobals) = postSolution
		SolutionGuid = {287FB7BA-C9EC-47E1-946A-F36506E1E89F}
	EndGlobalSection
EndGlobal
